
Microsoft Visual Studio Solution File, Format Version 12.00
# Visual Studio 15
VisualStudioVersion = 15.0.28010.2048
MinimumVisualStudioVersion = 10.0.40219.1
Project("{FAE04EC0-301F-11D3-BF4B-00C04F79EFBC}") = "Volunteer_Web", "Volunteer_Web\Volunteer_Web.csproj", "{0EDD7D90-3CA6-4E55-9B3E-D42EF96A1234}"
EndProject
Global
	GlobalSection(SolutionConfigurationPlatforms) = preSolution
		Debug|Any CPU = Debug|Any CPU
		Release|Any CPU = Release|Any CPU
	EndGlobalSection
	GlobalSection(ProjectConfigurationPlatforms) = postSolution
		{0EDD7D90-3CA6-4E55-9B3E-D42EF96A1234}.Debug|Any CPU.ActiveCfg = Debug|Any CPU
		{0EDD7D90-3CA6-4E55-9B3E-D42EF96A1234}.Debug|Any CPU.Build.0 = Debug|Any CPU
		{0EDD7D90-3CA6-4E55-9B3E-D42EF96A1234}.Release|Any CPU.ActiveCfg = Release|Any CPU
		{0EDD7D90-3CA6-4E55-9B3E-D42EF96A1234}.Release|Any CPU.Build.0 = Release|Any CPU
	EndGlobalSection
	GlobalSection(SolutionProperties) = preSolution
		HideSolutionNode = FALSE
	EndGlobalSection
	GlobalSection(ExtensibilityGlobals) = postSolution
		SolutionGuid = {750C15BD-4FB1-4407-A95C-C8EE1FFF4F73}
	EndGlobalSection
EndGlobal
